name: Update ADBlock.list

on:
  schedule:
    - cron: '0 0 * * *'
  workflow_dispatch:

jobs:
  update-list:
    runs-on: ubuntu-latest
    steps:
      - name: Checkout repository
        uses: actions/checkout@v3

      - name: Download raw list from upstream
        run: |
          curl -sSL https://raw.githubusercontent.com/hagezi/dns-blocklists/main/domains/pro.txt -o pro.txt

      - name: Convert to QuanX format and save to Lists/ADBlock.list
        run: |
          mkdir -p Lists
          grep -vE '^(#|\s*$)' pro.txt | sed 's/^/DOMAIN-SUFFIX,/' | sed 's/$/,REJECT/' > Lists/ADBlock.list

      - name: Commit and push changes
        uses: EndBug/add-and-commit@v9
        with:
          message: "Update ADBlock.list"
          add: 'Lists/ADBlock.list'
          token: ${{ secrets.GITHUB_TOKEN }}
